
Microsoft Visual Studio Solution File, Format Version 12.00
# Visual Studio Version 17
VisualStudioVersion = 17.0.32112.339
MinimumVisualStudioVersion = 10.0.40219.1
Project("{9A19103F-16F7-4668-BE54-9A1E7A4F7556}") = "MyWebPageV2.Api", "MyWebPageV2\MyWebPageV2.Api.csproj", "{52617CF8-3FE1-482A-9F9D-AC7CA9FBA677}"
EndProject
Project("{FAE04EC0-301F-11D3-BF4B-00C04F79EFBC}") = "MyWebPageV2.Data", "MyWebPageV2.Data\MyWebPageV2.Data.csproj", "{80DEC48E-A09D-45BF-A7AA-8B5750E8A279}"
EndProject
Project("{FAE04EC0-301F-11D3-BF4B-00C04F79EFBC}") = "MyWebPageV2.Migrations", "MyWebPageV2.Migrations\MyWebPageV2.Migrations.csproj", "{6FBF1679-741C-4918-BBFA-DCEFE06FDAE4}"
EndProject
Global
	GlobalSection(SolutionConfigurationPlatforms) = preSolution
		Debug|Any CPU = Debug|Any CPU
		Release|Any CPU = Release|Any CPU
	EndGlobalSection
	GlobalSection(ProjectConfigurationPlatforms) = postSolution
		{52617CF8-3FE1-482A-9F9D-AC7CA9FBA677}.Debug|Any CPU.ActiveCfg = Debug|Any CPU
		{52617CF8-3FE1-482A-9F9D-AC7CA9FBA677}.Debug|Any CPU.Build.0 = Debug|Any CPU
		{52617CF8-3FE1-482A-9F9D-AC7CA9FBA677}.Release|Any CPU.ActiveCfg = Release|Any CPU
		{52617CF8-3FE1-482A-9F9D-AC7CA9FBA677}.Release|Any CPU.Build.0 = Release|Any CPU
		{80DEC48E-A09D-45BF-A7AA-8B5750E8A279}.Debug|Any CPU.ActiveCfg = Debug|Any CPU
		{80DEC48E-A09D-45BF-A7AA-8B5750E8A279}.Debug|Any CPU.Build.0 = Debug|Any CPU
		{80DEC48E-A09D-45BF-A7AA-8B5750E8A279}.Release|Any CPU.ActiveCfg = Release|Any CPU
		{80DEC48E-A09D-45BF-A7AA-8B5750E8A279}.Release|Any CPU.Build.0 = Release|Any CPU
		{6FBF1679-741C-4918-BBFA-DCEFE06FDAE4}.Debug|Any CPU.ActiveCfg = Debug|Any CPU
		{6FBF1679-741C-4918-BBFA-DCEFE06FDAE4}.Debug|Any CPU.Build.0 = Debug|Any CPU
		{6FBF1679-741C-4918-BBFA-DCEFE06FDAE4}.Release|Any CPU.ActiveCfg = Release|Any CPU
		{6FBF1679-741C-4918-BBFA-DCEFE06FDAE4}.Release|Any CPU.Build.0 = Release|Any CPU
	EndGlobalSection
	GlobalSection(SolutionProperties) = preSolution
		HideSolutionNode = FALSE
	EndGlobalSection
	GlobalSection(ExtensibilityGlobals) = postSolution
		SolutionGuid = {A0CE49CD-BA78-4121-9CB9-6C759F6E4B7A}
	EndGlobalSection
EndGlobal
